# THIS IS AN AUTOGENERATED FILE. DO NOT EDIT THIS FILE DIRECTLY.
# yarn lockfile v1


"@vant/weapp@^1.10.1":
  version "1.10.1"
  resolved "https://registry.npmmirror.com/@vant/weapp/download/@vant/weapp-1.10.1.tgz#27826903ea2d227c47f32cc1381910b502acd9ba"
  integrity sha512-IdD57pOfhqtzL1LiNLVpCTmSClSX1YyBSy2yLk81KZTjjqFePPNZriSxmx2vdns+S/JpwsQFQ1PprdxD2+Rd9w==
